
Microsoft Visual Studio Solution File, Format Version 12.00
# Visual Studio 2013
VisualStudioVersion = 12.0.21005.1
MinimumVisualStudioVersion = 10.0.40219.1
Project("{FAE04EC0-301F-11D3-BF4B-00C04F79EFBC}") = "01. SquareRoot", "SquareRoot\01. SquareRoot.csproj", "{59DA24A2-1ACC-4B04-AABB-0F483E02C557}"
EndProject
Project("{FAE04EC0-301F-11D3-BF4B-00C04F79EFBC}") = "02. EnterNumbers", "EnterNumbers\02. EnterNumbers.csproj", "{1551345B-54D5-4367-A6FF-8308BF8F24B6}"
EndProject
Project("{FAE04EC0-301F-11D3-BF4B-00C04F79EFBC}") = "03. ReadFileContents", "ReadFileContents\03. ReadFileContents.csproj", "{F560F803-6501-4123-A24C-339D917A850D}"
EndProject
Project("{FAE04EC0-301F-11D3-BF4B-00C04F79EFBC}") = "04. DownloadFile", "DownloadFile\04. DownloadFile.csproj", "{B604B7D3-756A-4823-A9FF-D5DCA04C2AEC}"
EndProject
Global
	GlobalSection(SolutionConfigurationPlatforms) = preSolution
		Debug|Any CPU = Debug|Any CPU
		Release|Any CPU = Release|Any CPU
	EndGlobalSection
	GlobalSection(ProjectConfigurationPlatforms) = postSolution
		{59DA24A2-1ACC-4B04-AABB-0F483E02C557}.Debug|Any CPU.ActiveCfg = Debug|Any CPU
		{59DA24A2-1ACC-4B04-AABB-0F483E02C557}.Debug|Any CPU.Build.0 = Debug|Any CPU
		{59DA24A2-1ACC-4B04-AABB-0F483E02C557}.Release|Any CPU.ActiveCfg = Release|Any CPU
		{59DA24A2-1ACC-4B04-AABB-0F483E02C557}.Release|Any CPU.Build.0 = Release|Any CPU
		{1551345B-54D5-4367-A6FF-8308BF8F24B6}.Debug|Any CPU.ActiveCfg = Debug|Any CPU
		{1551345B-54D5-4367-A6FF-8308BF8F24B6}.Debug|Any CPU.Build.0 = Debug|Any CPU
		{1551345B-54D5-4367-A6FF-8308BF8F24B6}.Release|Any CPU.ActiveCfg = Release|Any CPU
		{1551345B-54D5-4367-A6FF-8308BF8F24B6}.Release|Any CPU.Build.0 = Release|Any CPU
		{F560F803-6501-4123-A24C-339D917A850D}.Debug|Any CPU.ActiveCfg = Debug|Any CPU
		{F560F803-6501-4123-A24C-339D917A850D}.Debug|Any CPU.Build.0 = Debug|Any CPU
		{F560F803-6501-4123-A24C-339D917A850D}.Release|Any CPU.ActiveCfg = Release|Any CPU
		{F560F803-6501-4123-A24C-339D917A850D}.Release|Any CPU.Build.0 = Release|Any CPU
		{B604B7D3-756A-4823-A9FF-D5DCA04C2AEC}.Debug|Any CPU.ActiveCfg = Debug|Any CPU
		{B604B7D3-756A-4823-A9FF-D5DCA04C2AEC}.Debug|Any CPU.Build.0 = Debug|Any CPU
		{B604B7D3-756A-4823-A9FF-D5DCA04C2AEC}.Release|Any CPU.ActiveCfg = Release|Any CPU
		{B604B7D3-756A-4823-A9FF-D5DCA04C2AEC}.Release|Any CPU.Build.0 = Release|Any CPU
	EndGlobalSection
	GlobalSection(SolutionProperties) = preSolution
		HideSolutionNode = FALSE
	EndGlobalSection
EndGlobal
