
Microsoft Visual Studio Solution File, Format Version 12.00
# Visual Studio 2013
VisualStudioVersion = 12.0.21005.1
MinimumVisualStudioVersion = 10.0.40219.1
Project("{FAE04EC0-301F-11D3-BF4B-00C04F79EFBC}") = "01. Shapes", "Shapes\01. Shapes.csproj", "{5D9DE474-03C9-44F5-AB41-5AADB078D5E1}"
EndProject
Project("{FAE04EC0-301F-11D3-BF4B-00C04F79EFBC}") = "02. BankAccounts", "BankAccounts\02. BankAccounts.csproj", "{6A765C5C-6448-41AF-9F72-FBA3C1FCC82F}"
EndProject
Project("{FAE04EC0-301F-11D3-BF4B-00C04F79EFBC}") = "03. RangeExceptions", "RangeExceptions\03. RangeExceptions.csproj", "{44898CEA-01F4-4312-BE3D-F696DBAA8F54}"
EndProject
Global
	GlobalSection(SolutionConfigurationPlatforms) = preSolution
		Debug|Any CPU = Debug|Any CPU
		Release|Any CPU = Release|Any CPU
	EndGlobalSection
	GlobalSection(ProjectConfigurationPlatforms) = postSolution
		{5D9DE474-03C9-44F5-AB41-5AADB078D5E1}.Debug|Any CPU.ActiveCfg = Debug|Any CPU
		{5D9DE474-03C9-44F5-AB41-5AADB078D5E1}.Debug|Any CPU.Build.0 = Debug|Any CPU
		{5D9DE474-03C9-44F5-AB41-5AADB078D5E1}.Release|Any CPU.ActiveCfg = Release|Any CPU
		{5D9DE474-03C9-44F5-AB41-5AADB078D5E1}.Release|Any CPU.Build.0 = Release|Any CPU
		{6A765C5C-6448-41AF-9F72-FBA3C1FCC82F}.Debug|Any CPU.ActiveCfg = Debug|Any CPU
		{6A765C5C-6448-41AF-9F72-FBA3C1FCC82F}.Debug|Any CPU.Build.0 = Debug|Any CPU
		{6A765C5C-6448-41AF-9F72-FBA3C1FCC82F}.Release|Any CPU.ActiveCfg = Release|Any CPU
		{6A765C5C-6448-41AF-9F72-FBA3C1FCC82F}.Release|Any CPU.Build.0 = Release|Any CPU
		{44898CEA-01F4-4312-BE3D-F696DBAA8F54}.Debug|Any CPU.ActiveCfg = Debug|Any CPU
		{44898CEA-01F4-4312-BE3D-F696DBAA8F54}.Debug|Any CPU.Build.0 = Debug|Any CPU
		{44898CEA-01F4-4312-BE3D-F696DBAA8F54}.Release|Any CPU.ActiveCfg = Release|Any CPU
		{44898CEA-01F4-4312-BE3D-F696DBAA8F54}.Release|Any CPU.Build.0 = Release|Any CPU
	EndGlobalSection
	GlobalSection(SolutionProperties) = preSolution
		HideSolutionNode = FALSE
	EndGlobalSection
EndGlobal
