
Microsoft Visual Studio Solution File, Format Version 12.00
# Visual Studio 2013
VisualStudioVersion = 12.0.21005.1
MinimumVisualStudioVersion = 10.0.40219.1
Project("{FAE04EC0-301F-11D3-BF4B-00C04F79EFBC}") = "01. SchoolClasses", "01. SchoolClasses\01. SchoolClasses.csproj", "{BA8C1573-4784-4CDF-866F-FF68B9916EA1}"
EndProject
Project("{FAE04EC0-301F-11D3-BF4B-00C04F79EFBC}") = "02. StudentsAndWorkers", "02. StudentsAndWorkers\02. StudentsAndWorkers.csproj", "{E82528D5-48AB-484F-B43C-E8F5D011EF8C}"
EndProject
Project("{FAE04EC0-301F-11D3-BF4B-00C04F79EFBC}") = "03. AnimalHierarchy", "AnimalHierarchy\03. AnimalHierarchy.csproj", "{591AEFA1-E914-4044-9933-60995C9A4FC3}"
EndProject
Global
	GlobalSection(SolutionConfigurationPlatforms) = preSolution
		Debug|Any CPU = Debug|Any CPU
		Release|Any CPU = Release|Any CPU
	EndGlobalSection
	GlobalSection(ProjectConfigurationPlatforms) = postSolution
		{BA8C1573-4784-4CDF-866F-FF68B9916EA1}.Debug|Any CPU.ActiveCfg = Debug|Any CPU
		{BA8C1573-4784-4CDF-866F-FF68B9916EA1}.Debug|Any CPU.Build.0 = Debug|Any CPU
		{BA8C1573-4784-4CDF-866F-FF68B9916EA1}.Release|Any CPU.ActiveCfg = Release|Any CPU
		{BA8C1573-4784-4CDF-866F-FF68B9916EA1}.Release|Any CPU.Build.0 = Release|Any CPU
		{E82528D5-48AB-484F-B43C-E8F5D011EF8C}.Debug|Any CPU.ActiveCfg = Debug|Any CPU
		{E82528D5-48AB-484F-B43C-E8F5D011EF8C}.Debug|Any CPU.Build.0 = Debug|Any CPU
		{E82528D5-48AB-484F-B43C-E8F5D011EF8C}.Release|Any CPU.ActiveCfg = Release|Any CPU
		{E82528D5-48AB-484F-B43C-E8F5D011EF8C}.Release|Any CPU.Build.0 = Release|Any CPU
		{591AEFA1-E914-4044-9933-60995C9A4FC3}.Debug|Any CPU.ActiveCfg = Debug|Any CPU
		{591AEFA1-E914-4044-9933-60995C9A4FC3}.Debug|Any CPU.Build.0 = Debug|Any CPU
		{591AEFA1-E914-4044-9933-60995C9A4FC3}.Release|Any CPU.ActiveCfg = Release|Any CPU
		{591AEFA1-E914-4044-9933-60995C9A4FC3}.Release|Any CPU.Build.0 = Release|Any CPU
	EndGlobalSection
	GlobalSection(SolutionProperties) = preSolution
		HideSolutionNode = FALSE
	EndGlobalSection
EndGlobal
