
Microsoft Visual Studio Solution File, Format Version 12.00
# Visual Studio 2013
VisualStudioVersion = 12.0.31101.0
MinimumVisualStudioVersion = 10.0.40219.1
Project("{FAE04EC0-301F-11D3-BF4B-00C04F79EFBC}") = "01. ForumPost", "01. ForumPost\01. ForumPost.csproj", "{4757F26B-E048-4CCF-BE47-E49E48110868}"
EndProject
Project("{FAE04EC0-301F-11D3-BF4B-00C04F79EFBC}") = "02. WebGallery", "02. WebGallery\02. WebGallery.csproj", "{C68B8918-982A-4FF1-BF09-8055847CA843}"
EndProject
Global
	GlobalSection(SolutionConfigurationPlatforms) = preSolution
		Debug|Any CPU = Debug|Any CPU
		Release|Any CPU = Release|Any CPU
	EndGlobalSection
	GlobalSection(ProjectConfigurationPlatforms) = postSolution
		{4757F26B-E048-4CCF-BE47-E49E48110868}.Debug|Any CPU.ActiveCfg = Debug|Any CPU
		{4757F26B-E048-4CCF-BE47-E49E48110868}.Debug|Any CPU.Build.0 = Debug|Any CPU
		{4757F26B-E048-4CCF-BE47-E49E48110868}.Release|Any CPU.ActiveCfg = Release|Any CPU
		{4757F26B-E048-4CCF-BE47-E49E48110868}.Release|Any CPU.Build.0 = Release|Any CPU
		{C68B8918-982A-4FF1-BF09-8055847CA843}.Debug|Any CPU.ActiveCfg = Debug|Any CPU
		{C68B8918-982A-4FF1-BF09-8055847CA843}.Debug|Any CPU.Build.0 = Debug|Any CPU
		{C68B8918-982A-4FF1-BF09-8055847CA843}.Release|Any CPU.ActiveCfg = Release|Any CPU
		{C68B8918-982A-4FF1-BF09-8055847CA843}.Release|Any CPU.Build.0 = Release|Any CPU
	EndGlobalSection
	GlobalSection(SolutionProperties) = preSolution
		HideSolutionNode = FALSE
	EndGlobalSection
EndGlobal
