
Microsoft Visual Studio Solution File, Format Version 12.00
# Visual Studio 2013
VisualStudioVersion = 12.0.21005.1
MinimumVisualStudioVersion = 10.0.40219.1
Project("{FAE04EC0-301F-11D3-BF4B-00C04F79EFBC}") = "01. OddLines", "OddLines\01. OddLines.csproj", "{9DA9B461-FE46-4EC7-A825-E492A49D5590}"
EndProject
Project("{FAE04EC0-301F-11D3-BF4B-00C04F79EFBC}") = "02. ConcatenateTextFiles", "ConcatenateTextFiles\02. ConcatenateTextFiles.csproj", "{CDD2E754-0B73-4AE1-89ED-D67724846354}"
EndProject
Project("{FAE04EC0-301F-11D3-BF4B-00C04F79EFBC}") = "03. LineNumbers", "LineNumbers\03. LineNumbers.csproj", "{8FE65BAF-3268-4E01-B0AC-4DAF8D781D16}"
EndProject
Project("{FAE04EC0-301F-11D3-BF4B-00C04F79EFBC}") = "04. CompareTextFiles", "CompareTextFiles\04. CompareTextFiles.csproj", "{C3C3ADC8-3236-4A86-8F7F-6466A904B284}"
EndProject
Project("{FAE04EC0-301F-11D3-BF4B-00C04F79EFBC}") = "05. MaximalAreaSum", "MaximalAreaSum\05. MaximalAreaSum.csproj", "{C3B89322-C88A-4795-9B33-3899085A5EDE}"
EndProject
Project("{FAE04EC0-301F-11D3-BF4B-00C04F79EFBC}") = "06. SaveSortedNames", "SaveSortedNames\06. SaveSortedNames.csproj", "{96AD0EB0-2E08-4DB6-BF52-04B8D36A1A69}"
EndProject
Project("{FAE04EC0-301F-11D3-BF4B-00C04F79EFBC}") = "07. ReplaceSubstring", "ReplaceSubstring\07. ReplaceSubstring.csproj", "{ECF4096D-0337-4A0F-9721-3A6E4ECEF40B}"
EndProject
Project("{FAE04EC0-301F-11D3-BF4B-00C04F79EFBC}") = "08. ReplaceWholeWord", "ReplaceWholeWord\08. ReplaceWholeWord.csproj", "{CFF6D4FF-C763-4FC3-8C2E-B2784B078159}"
EndProject
Project("{FAE04EC0-301F-11D3-BF4B-00C04F79EFBC}") = "09. DeleteOddLines", "DeleteOddLines\09. DeleteOddLines.csproj", "{2F1C25EE-2D50-42E0-A02E-0153A9041ABD}"
EndProject
Project("{FAE04EC0-301F-11D3-BF4B-00C04F79EFBC}") = "10. ExtractTextFromXML", "ExtractTextFromXML\10. ExtractTextFromXML.csproj", "{71317CEF-71F1-416A-B12C-E1401B1FB861}"
EndProject
Project("{FAE04EC0-301F-11D3-BF4B-00C04F79EFBC}") = "11. PrefixTest", "PrefixTest\11. PrefixTest.csproj", "{5EEFFCD2-ABFE-47F8-9296-F19088840B2B}"
EndProject
Project("{FAE04EC0-301F-11D3-BF4B-00C04F79EFBC}") = "12. RemoveWords", "RemoveWords\12. RemoveWords.csproj", "{66857B6A-3201-4EA0-A977-51F0F47E2F6F}"
EndProject
Project("{FAE04EC0-301F-11D3-BF4B-00C04F79EFBC}") = "13. CountWords", "CountWords\13. CountWords.csproj", "{3B681328-26B2-4C7C-B681-568FF8EC77F1}"
EndProject
Global
	GlobalSection(SolutionConfigurationPlatforms) = preSolution
		Debug|Any CPU = Debug|Any CPU
		Release|Any CPU = Release|Any CPU
	EndGlobalSection
	GlobalSection(ProjectConfigurationPlatforms) = postSolution
		{9DA9B461-FE46-4EC7-A825-E492A49D5590}.Debug|Any CPU.ActiveCfg = Debug|Any CPU
		{9DA9B461-FE46-4EC7-A825-E492A49D5590}.Debug|Any CPU.Build.0 = Debug|Any CPU
		{9DA9B461-FE46-4EC7-A825-E492A49D5590}.Release|Any CPU.ActiveCfg = Release|Any CPU
		{9DA9B461-FE46-4EC7-A825-E492A49D5590}.Release|Any CPU.Build.0 = Release|Any CPU
		{CDD2E754-0B73-4AE1-89ED-D67724846354}.Debug|Any CPU.ActiveCfg = Debug|Any CPU
		{CDD2E754-0B73-4AE1-89ED-D67724846354}.Debug|Any CPU.Build.0 = Debug|Any CPU
		{CDD2E754-0B73-4AE1-89ED-D67724846354}.Release|Any CPU.ActiveCfg = Release|Any CPU
		{CDD2E754-0B73-4AE1-89ED-D67724846354}.Release|Any CPU.Build.0 = Release|Any CPU
		{8FE65BAF-3268-4E01-B0AC-4DAF8D781D16}.Debug|Any CPU.ActiveCfg = Debug|Any CPU
		{8FE65BAF-3268-4E01-B0AC-4DAF8D781D16}.Debug|Any CPU.Build.0 = Debug|Any CPU
		{8FE65BAF-3268-4E01-B0AC-4DAF8D781D16}.Release|Any CPU.ActiveCfg = Release|Any CPU
		{8FE65BAF-3268-4E01-B0AC-4DAF8D781D16}.Release|Any CPU.Build.0 = Release|Any CPU
		{C3C3ADC8-3236-4A86-8F7F-6466A904B284}.Debug|Any CPU.ActiveCfg = Debug|Any CPU
		{C3C3ADC8-3236-4A86-8F7F-6466A904B284}.Debug|Any CPU.Build.0 = Debug|Any CPU
		{C3C3ADC8-3236-4A86-8F7F-6466A904B284}.Release|Any CPU.ActiveCfg = Release|Any CPU
		{C3C3ADC8-3236-4A86-8F7F-6466A904B284}.Release|Any CPU.Build.0 = Release|Any CPU
		{C3B89322-C88A-4795-9B33-3899085A5EDE}.Debug|Any CPU.ActiveCfg = Debug|Any CPU
		{C3B89322-C88A-4795-9B33-3899085A5EDE}.Debug|Any CPU.Build.0 = Debug|Any CPU
		{C3B89322-C88A-4795-9B33-3899085A5EDE}.Release|Any CPU.ActiveCfg = Release|Any CPU
		{C3B89322-C88A-4795-9B33-3899085A5EDE}.Release|Any CPU.Build.0 = Release|Any CPU
		{96AD0EB0-2E08-4DB6-BF52-04B8D36A1A69}.Debug|Any CPU.ActiveCfg = Debug|Any CPU
		{96AD0EB0-2E08-4DB6-BF52-04B8D36A1A69}.Debug|Any CPU.Build.0 = Debug|Any CPU
		{96AD0EB0-2E08-4DB6-BF52-04B8D36A1A69}.Release|Any CPU.ActiveCfg = Release|Any CPU
		{96AD0EB0-2E08-4DB6-BF52-04B8D36A1A69}.Release|Any CPU.Build.0 = Release|Any CPU
		{ECF4096D-0337-4A0F-9721-3A6E4ECEF40B}.Debug|Any CPU.ActiveCfg = Debug|Any CPU
		{ECF4096D-0337-4A0F-9721-3A6E4ECEF40B}.Debug|Any CPU.Build.0 = Debug|Any CPU
		{ECF4096D-0337-4A0F-9721-3A6E4ECEF40B}.Release|Any CPU.ActiveCfg = Release|Any CPU
		{ECF4096D-0337-4A0F-9721-3A6E4ECEF40B}.Release|Any CPU.Build.0 = Release|Any CPU
		{CFF6D4FF-C763-4FC3-8C2E-B2784B078159}.Debug|Any CPU.ActiveCfg = Debug|Any CPU
		{CFF6D4FF-C763-4FC3-8C2E-B2784B078159}.Debug|Any CPU.Build.0 = Debug|Any CPU
		{CFF6D4FF-C763-4FC3-8C2E-B2784B078159}.Release|Any CPU.ActiveCfg = Release|Any CPU
		{CFF6D4FF-C763-4FC3-8C2E-B2784B078159}.Release|Any CPU.Build.0 = Release|Any CPU
		{2F1C25EE-2D50-42E0-A02E-0153A9041ABD}.Debug|Any CPU.ActiveCfg = Debug|Any CPU
		{2F1C25EE-2D50-42E0-A02E-0153A9041ABD}.Debug|Any CPU.Build.0 = Debug|Any CPU
		{2F1C25EE-2D50-42E0-A02E-0153A9041ABD}.Release|Any CPU.ActiveCfg = Release|Any CPU
		{2F1C25EE-2D50-42E0-A02E-0153A9041ABD}.Release|Any CPU.Build.0 = Release|Any CPU
		{71317CEF-71F1-416A-B12C-E1401B1FB861}.Debug|Any CPU.ActiveCfg = Debug|Any CPU
		{71317CEF-71F1-416A-B12C-E1401B1FB861}.Debug|Any CPU.Build.0 = Debug|Any CPU
		{71317CEF-71F1-416A-B12C-E1401B1FB861}.Release|Any CPU.ActiveCfg = Release|Any CPU
		{71317CEF-71F1-416A-B12C-E1401B1FB861}.Release|Any CPU.Build.0 = Release|Any CPU
		{5EEFFCD2-ABFE-47F8-9296-F19088840B2B}.Debug|Any CPU.ActiveCfg = Debug|Any CPU
		{5EEFFCD2-ABFE-47F8-9296-F19088840B2B}.Debug|Any CPU.Build.0 = Debug|Any CPU
		{5EEFFCD2-ABFE-47F8-9296-F19088840B2B}.Release|Any CPU.ActiveCfg = Release|Any CPU
		{5EEFFCD2-ABFE-47F8-9296-F19088840B2B}.Release|Any CPU.Build.0 = Release|Any CPU
		{66857B6A-3201-4EA0-A977-51F0F47E2F6F}.Debug|Any CPU.ActiveCfg = Debug|Any CPU
		{66857B6A-3201-4EA0-A977-51F0F47E2F6F}.Debug|Any CPU.Build.0 = Debug|Any CPU
		{66857B6A-3201-4EA0-A977-51F0F47E2F6F}.Release|Any CPU.ActiveCfg = Release|Any CPU
		{66857B6A-3201-4EA0-A977-51F0F47E2F6F}.Release|Any CPU.Build.0 = Release|Any CPU
		{3B681328-26B2-4C7C-B681-568FF8EC77F1}.Debug|Any CPU.ActiveCfg = Debug|Any CPU
		{3B681328-26B2-4C7C-B681-568FF8EC77F1}.Debug|Any CPU.Build.0 = Debug|Any CPU
		{3B681328-26B2-4C7C-B681-568FF8EC77F1}.Release|Any CPU.ActiveCfg = Release|Any CPU
		{3B681328-26B2-4C7C-B681-568FF8EC77F1}.Release|Any CPU.Build.0 = Release|Any CPU
	EndGlobalSection
	GlobalSection(SolutionProperties) = preSolution
		HideSolutionNode = FALSE
	EndGlobalSection
EndGlobal
