
Microsoft Visual Studio Solution File, Format Version 12.00
# Visual Studio 2013
VisualStudioVersion = 12.0.31101.0
MinimumVisualStudioVersion = 10.0.40219.1
Project("{FAE04EC0-301F-11D3-BF4B-00C04F79EFBC}") = "01. Assertions", "01. Assertions\01. Assertions.csproj", "{9F9BF76B-320F-4C78-85C5-3797F52EB2BF}"
EndProject
Project("{FAE04EC0-301F-11D3-BF4B-00C04F79EFBC}") = "02. ExceptionHandling", "02. ExceptionHandling\02. ExceptionHandling.csproj", "{9FC0A63C-10B6-4A69-B96F-16B4E1F8FFAD}"
EndProject
Global
	GlobalSection(SolutionConfigurationPlatforms) = preSolution
		Debug|Any CPU = Debug|Any CPU
		Release|Any CPU = Release|Any CPU
	EndGlobalSection
	GlobalSection(ProjectConfigurationPlatforms) = postSolution
		{9F9BF76B-320F-4C78-85C5-3797F52EB2BF}.Debug|Any CPU.ActiveCfg = Debug|Any CPU
		{9F9BF76B-320F-4C78-85C5-3797F52EB2BF}.Debug|Any CPU.Build.0 = Debug|Any CPU
		{9F9BF76B-320F-4C78-85C5-3797F52EB2BF}.Release|Any CPU.ActiveCfg = Release|Any CPU
		{9F9BF76B-320F-4C78-85C5-3797F52EB2BF}.Release|Any CPU.Build.0 = Release|Any CPU
		{9FC0A63C-10B6-4A69-B96F-16B4E1F8FFAD}.Debug|Any CPU.ActiveCfg = Debug|Any CPU
		{9FC0A63C-10B6-4A69-B96F-16B4E1F8FFAD}.Debug|Any CPU.Build.0 = Debug|Any CPU
		{9FC0A63C-10B6-4A69-B96F-16B4E1F8FFAD}.Release|Any CPU.ActiveCfg = Release|Any CPU
		{9FC0A63C-10B6-4A69-B96F-16B4E1F8FFAD}.Release|Any CPU.Build.0 = Release|Any CPU
	EndGlobalSection
	GlobalSection(SolutionProperties) = preSolution
		HideSolutionNode = FALSE
	EndGlobalSection
EndGlobal
