
Microsoft Visual Studio Solution File, Format Version 12.00
# Visual Studio 2013
VisualStudioVersion = 12.0.31101.0
MinimumVisualStudioVersion = 10.0.40219.1
Project("{FAE04EC0-301F-11D3-BF4B-00C04F79EFBC}") = "01. RegistrationForm", "RegistrationForm\01. RegistrationForm.csproj", "{1DE97F11-4CE2-4398-83B5-1E57143DEAD5}"
EndProject
Project("{FAE04EC0-301F-11D3-BF4B-00C04F79EFBC}") = "02. UniversityGrid", "02. UniversityGrid\02. UniversityGrid.csproj", "{1EDE4C8C-6E99-4019-884A-E393D3B879B5}"
EndProject
Project("{FAE04EC0-301F-11D3-BF4B-00C04F79EFBC}") = "03. NotebookStore", "03. NotebookStore\03. NotebookStore.csproj", "{4186F026-6B7F-4397-9BF3-49FEEF2FCD8A}"
EndProject
Project("{FAE04EC0-301F-11D3-BF4B-00C04F79EFBC}") = "04. GridComponent", "04. GridComponent\04. GridComponent.csproj", "{F245CBEE-9785-42FE-87FE-FB2777CBCB53}"
EndProject
Global
	GlobalSection(SolutionConfigurationPlatforms) = preSolution
		Debug|Any CPU = Debug|Any CPU
		Release|Any CPU = Release|Any CPU
	EndGlobalSection
	GlobalSection(ProjectConfigurationPlatforms) = postSolution
		{1DE97F11-4CE2-4398-83B5-1E57143DEAD5}.Debug|Any CPU.ActiveCfg = Debug|Any CPU
		{1DE97F11-4CE2-4398-83B5-1E57143DEAD5}.Debug|Any CPU.Build.0 = Debug|Any CPU
		{1DE97F11-4CE2-4398-83B5-1E57143DEAD5}.Release|Any CPU.ActiveCfg = Release|Any CPU
		{1DE97F11-4CE2-4398-83B5-1E57143DEAD5}.Release|Any CPU.Build.0 = Release|Any CPU
		{1EDE4C8C-6E99-4019-884A-E393D3B879B5}.Debug|Any CPU.ActiveCfg = Debug|Any CPU
		{1EDE4C8C-6E99-4019-884A-E393D3B879B5}.Debug|Any CPU.Build.0 = Debug|Any CPU
		{1EDE4C8C-6E99-4019-884A-E393D3B879B5}.Release|Any CPU.ActiveCfg = Release|Any CPU
		{1EDE4C8C-6E99-4019-884A-E393D3B879B5}.Release|Any CPU.Build.0 = Release|Any CPU
		{4186F026-6B7F-4397-9BF3-49FEEF2FCD8A}.Debug|Any CPU.ActiveCfg = Debug|Any CPU
		{4186F026-6B7F-4397-9BF3-49FEEF2FCD8A}.Debug|Any CPU.Build.0 = Debug|Any CPU
		{4186F026-6B7F-4397-9BF3-49FEEF2FCD8A}.Release|Any CPU.ActiveCfg = Release|Any CPU
		{4186F026-6B7F-4397-9BF3-49FEEF2FCD8A}.Release|Any CPU.Build.0 = Release|Any CPU
		{F245CBEE-9785-42FE-87FE-FB2777CBCB53}.Debug|Any CPU.ActiveCfg = Debug|Any CPU
		{F245CBEE-9785-42FE-87FE-FB2777CBCB53}.Debug|Any CPU.Build.0 = Debug|Any CPU
		{F245CBEE-9785-42FE-87FE-FB2777CBCB53}.Release|Any CPU.ActiveCfg = Release|Any CPU
		{F245CBEE-9785-42FE-87FE-FB2777CBCB53}.Release|Any CPU.Build.0 = Release|Any CPU
	EndGlobalSection
	GlobalSection(SolutionProperties) = preSolution
		HideSolutionNode = FALSE
	EndGlobalSection
EndGlobal
